
Microsoft Visual Studio Solution File, Format Version 12.00
# Visual Studio Version 16
VisualStudioVersion = 16.0.30517.126
MinimumVisualStudioVersion = 10.0.40219.1
Project("{8BC9CEB8-8B4A-11D0-8D11-00A0C91BC942}") = "BitTorrentTutorial", "BitTorrentTutorial.vcxproj", "{567415F4-E3CC-4759-AD25-AE5A9D4DA900}"
EndProject
Global
	GlobalSection(SolutionConfigurationPlatforms) = preSolution
		Debug|x64 = Debug|x64
		Release|x64 = Release|x64
	EndGlobalSection
	GlobalSection(ProjectConfigurationPlatforms) = postSolution
		{567415F4-E3CC-4759-AD25-AE5A9D4DA900}.Debug|x64.ActiveCfg = Debug|x64
		{567415F4-E3CC-4759-AD25-AE5A9D4DA900}.Debug|x64.Build.0 = Debug|x64
		{567415F4-E3CC-4759-AD25-AE5A9D4DA900}.Release|x64.ActiveCfg = Release|x64
		{567415F4-E3CC-4759-AD25-AE5A9D4DA900}.Release|x64.Build.0 = Release|x64
	EndGlobalSection
	GlobalSection(SolutionProperties) = preSolution
		HideSolutionNode = FALSE
	EndGlobalSection
	GlobalSection(ExtensibilityGlobals) = postSolution
		SolutionGuid = {0EBD7566-48EC-4526-B273-6881DDB44730}
	EndGlobalSection
EndGlobal
